PODS:
  - Alamofire (4.8.0)
  - ALLoadingView (1.1.5)
  - Bolts (1.9.0):
    - Bolts/AppLinks (= 1.9.0)
    - Bolts/Tasks (= 1.9.0)
  - Bolts/AppLinks (1.9.0):
    - Bolts/Tasks
  - Bolts/Tasks (1.9.0)
  - CocoaLumberjack (3.4.2):
    - CocoaLumberjack/Default (= 3.4.2)
    - CocoaLumberjack/Extensions (= 3.4.2)
  - CocoaLumberjack/Default (3.4.2)
  - CocoaLumberjack/Extensions (3.4.2):
    - CocoaLumberjack/Default
  - Crashlytics (3.12.0):
    - Fabric (~> 1.9.0)
  - CWStatusBarNotification (2.3.5)
  - Fabric (1.9.0)
  - FBSDKCoreKit (4.39.0):
    - Bolts (~> 1.9)
  - FBSDKLoginKit (4.39.0):
    - FBSDKCoreKit
  - FBSDKShareKit (4.39.0):
    - FBSDKCoreKit
  - Firebase/Core (5.15.0):
    - Firebase/CoreOnly
    - FirebaseAnalytics (= 5.4.0)
  - Firebase/CoreOnly (5.15.0):
    - FirebaseCore (= 5.1.10)
  - Firebase/DynamicLinks (5.15.0):
    - Firebase/CoreOnly
    - FirebaseDynamicLinks (= 3.3.0)
  - Firebase/Messaging (5.15.0):
    - Firebase/CoreOnly
    - FirebaseMessaging (= 3.2.2)
  - FirebaseAnalytics (5.4.0):
    - FirebaseCore (~> 5.1)
    - FirebaseInstanceID (~> 3.3)
    - GoogleAppMeasurement (= 5.4.0)
    - GoogleUtilities/AppDelegateSwizzler (~> 5.2)
    - GoogleUtilities/MethodSwizzler (~> 5.2)
    - GoogleUtilities/Network (~> 5.2)
    - "GoogleUtilities/NSData+zlib (~> 5.2)"
    - nanopb (~> 0.3)
  - FirebaseAnalyticsInterop (1.1.0)
  - FirebaseCore (5.1.10):
    - GoogleUtilities/Logger (~> 5.2)
  - FirebaseDynamicLinks (3.3.0):
    - FirebaseAnalytics (~> 5.1)
    - FirebaseAnalyticsInterop (~> 1.0)
    - FirebaseCore (~> 5.1)
  - FirebaseInstanceID (3.3.0):
    - FirebaseCore (~> 5.1)
    - GoogleUtilities/Environment (~> 5.3)
    - GoogleUtilities/UserDefaults (~> 5.3)
  - FirebaseMessaging (3.2.2):
    - FirebaseAnalyticsInterop (~> 1.1)
    - FirebaseCore (~> 5.1)
    - FirebaseInstanceID (~> 3.0)
    - GoogleUtilities/Environment (~> 5.2)
    - GoogleUtilities/Reachability (~> 5.2)
    - Protobuf (~> 3.1)
  - GoogleAppMeasurement (5.4.0):
    - GoogleUtilities/AppDelegateSwizzler (~> 5.2)
    - GoogleUtilities/MethodSwizzler (~> 5.2)
    - GoogleUtilities/Network (~> 5.2)
    - "GoogleUtilities/NSData+zlib (~> 5.2)"
    - nanopb (~> 0.3)
  - GoogleUtilities/AppDelegateSwizzler (5.3.6):
    - GoogleUtilities/Environment
    - GoogleUtilities/Logger
    - GoogleUtilities/Network
  - GoogleUtilities/Environment (5.3.6)
  - GoogleUtilities/Logger (5.3.6):
    - GoogleUtilities/Environment
  - GoogleUtilities/MethodSwizzler (5.3.6):
    - GoogleUtilities/Logger
  - GoogleUtilities/Network (5.3.6):
    - GoogleUtilities/Logger
    - "GoogleUtilities/NSData+zlib"
    - GoogleUtilities/Reachability
  - "GoogleUtilities/NSData+zlib (5.3.6)"
  - GoogleUtilities/Reachability (5.3.6):
    - GoogleUtilities/Logger
  - GoogleUtilities/UserDefaults (5.3.6):
    - GoogleUtilities/Logger
  - Hero (1.4.0)
  - Instructions (1.2.2)
  - Intercom (5.2)
  - IQKeyboardManagerSwift (6.2.0)
  - JWTDecode (2.2.0)
  - MBProgressHUD (1.1.0)
  - MGSwipeTableCell (1.6.8)
  - nanopb (0.3.901):
    - nanopb/decode (= 0.3.901)
    - nanopb/encode (= 0.3.901)
  - nanopb/decode (0.3.901)
  - nanopb/encode (0.3.901)
  - Protobuf (3.6.1)
  - RxAtomic (4.4.0)
  - RxSwift (4.4.0):
    - RxAtomic (~> 4.4)
  - SDWebImage (4.4.3):
    - SDWebImage/Core (= 4.4.3)
  - SDWebImage/Core (4.4.3)
  - SideMenu (5.0.3)
  - SkeletonView (1.4.1)
  - SnapKit (4.2.0)
  - SwiftMessages (6.0.2):
    - SwiftMessages/App (= 6.0.2)
  - SwiftMessages/App (6.0.2)
  - SwiftyJSON (4.2.0)
  - WatchdogInspector (1.3.0)

DEPENDENCIES:
  - Alamofire
  - ALLoadingView
  - Bolts
  - CocoaLumberjack
  - Crashlytics
  - CWStatusBarNotification
  - Fabric
  - FBSDKCoreKit
  - FBSDKLoginKit
  - FBSDKShareKit
  - Firebase/Core
  - Firebase/DynamicLinks
  - Firebase/Messaging
  - Hero
  - Instructions
  - Intercom
  - IQKeyboardManagerSwift
  - JWTDecode
  - MBProgressHUD
  - MGSwipeTableCell
  - RxSwift
  - SDWebImage
  - SideMenu
  - SkeletonView
  - SnapKit
  - SwiftMessages
  - SwiftyJSON
  - WatchdogInspector

SPEC REPOS:
  https://github.com/cocoapods/specs.git:
    - Alamofire
    - ALLoadingView
    - Bolts
    - CocoaLumberjack
    - Crashlytics
    - CWStatusBarNotification
    - Fabric
    - FBSDKCoreKit
    - FBSDKLoginKit
    - FBSDKShareKit
    - Firebase
    - FirebaseAnalytics
    - FirebaseAnalyticsInterop
    - FirebaseCore
    - FirebaseDynamicLinks
    - FirebaseInstanceID
    - FirebaseMessaging
    - GoogleAppMeasurement
    - GoogleUtilities
    - Hero
    - Instructions
    - Intercom
    - IQKeyboardManagerSwift
    - JWTDecode
    - MBProgressHUD
    - MGSwipeTableCell
    - nanopb
    - Protobuf
    - RxAtomic
    - RxSwift
    - SDWebImage
    - SideMenu
    - SkeletonView
    - SnapKit
    - SwiftMessages
    - SwiftyJSON
    - WatchdogInspector

SPEC CHECKSUMS:
  Alamofire: 3ec537f71edc9804815215393ae2b1a8ea33a844
  ALLoadingView: 5f3a5e73402d3ec178dae51ebdb39c1d64c0a87b
  Bolts: ac6567323eac61e203f6a9763667d0f711be34c8
  CocoaLumberjack: db7cc9e464771f12054c22ff6947c5a58d43a0fd
  Crashlytics: 07fb167b1694128c1c9a5a5cc319b0e9c3ca0933
  CWStatusBarNotification: 3d2738b25c3207f60cc50201388d3c96182545ff
  Fabric: f988e33c97f08930a413e08123064d2e5f68d655
  FBSDKCoreKit: 1e3981faefab8c88edfaa9eecd94aab02d99a9bc
  FBSDKLoginKit: 30ba5039a2c53d65a75103889bc2deebdacd5a1f
  FBSDKShareKit: 5a0021c30abb64df9eeba87351dd8a627874543b
  Firebase: 8bb9268bff82374f2cbaaabb143e725743c316ae
  FirebaseAnalytics: c06f9d70577d79074214700a71fd5d39de5550fb
  FirebaseAnalyticsInterop: e5f21be9af6548372e2f0815834ff909bff395a2
  FirebaseCore: 35747502d9e8c6ee217385ad04446c7c2aaf9c5c
  FirebaseDynamicLinks: c713da5f75c324f38fb2d57164bbc1c461aa6739
  FirebaseInstanceID: e2fa4cb35ef5558c200f7f0ad8a53e212215f93e
  FirebaseMessaging: b412996f6a09337d232bb3a6676ce4d1f353d024
  GoogleAppMeasurement: 98b71f5e04142793729a5ef23e5b96651ff4b70f
  GoogleUtilities: 95996bea7c7d9b8fb811b7507669a4a8762f80c7
  Hero: bac92350d7201a1a940003e0767c7b52ce7c99a1
  Instructions: baff1b8ac41e195556c2b3453be1fcdd92e18612
  Intercom: fd0c7377d49cc2f1a94e7fc0bcc9ccfcdab0a7dc
  IQKeyboardManagerSwift: b07ccf9d8cafe993dcd6cb794eb4ba34611a0c4e
  JWTDecode: 85a405ab16d5473e99bd89ded1d535090ebd6a0e
  MBProgressHUD: e7baa36a220447d8aeb12769bf0585582f3866d9
  MGSwipeTableCell: dc4eca3212ed38a563b27d6aa7b3c01ce656c1e2
  nanopb: 2901f78ea1b7b4015c860c2fdd1ea2fee1a18d48
  Protobuf: 1eb9700044745f00181c136ef21b8ff3ad5a0fd5
  RxAtomic: eacf60db868c96bfd63320e28619fe29c179656f
  RxSwift: 5976ecd04fc2fefd648827c23de5e11157faa973
  SDWebImage: c5594f1a19c48d526d321e548902b56b479cd508
  SideMenu: 1dcaabce84538c53325c287f7fe62999379a641c
  SkeletonView: 60d6ce7edb0cb4c7758db33c74add50392b3c475
  SnapKit: fe8a619752f3f27075cc9a90244d75c6c3f27e2a
  SwiftMessages: 8b3cc68dba2f1c91aac1a74c90b10287aac35371
  SwiftyJSON: c4bcba26dd9ec7a027fc8eade48e2c911f229e96
  WatchdogInspector: 439a73b047028a6048a59e56b70fcf11045a6e13

PODFILE CHECKSUM: 4fb4b272db028caa8711760c05c6fe718d899f7b

COCOAPODS: 1.6.1
